<?xml version="1.0" encoding="utf-8"?>
<Project ToolsVersion="4.0" xmlns="http://schemas.microsoft.com/developer/msbuild/2003">
  <ItemGroup>
    <Filter Include="Source Files">
      <UniqueIdentifier>{4FC737F1-C7A5-4376-A066-2A32D752A2FF}</UniqueIdentifier>
      <Extensions>cpp;c;cc;cxx;c++;cppm;ixx;def;odl;idl;hpj;bat;asm;asmx</Extensions>
    </Filter>
    <Filter Include="Header Files">
      <UniqueIdentifier>{93995380-89BD-4b04-88EB-625FBE52EBFB}</UniqueIdentifier>
      <Extensions>h;hh;hpp;hxx;h++;hm;inl;inc;ipp;xsd</Extensions>
    </Filter>
    <Filter Include="Resource Files">
      <UniqueIdentifier>{67DA6AB6-F800-4c08-8B7A-83BB121AAD01}</UniqueIdentifier>
      <Extensions>rc;ico;cur;bmp;dlg;rc2;rct;bin;rgs;gif;jpg;jpeg;jpe;resx;tiff;tif;png;wav;mfcribbon-ms</Extensions>
    </Filter>
  </ItemGroup>
  <ItemGroup>
    <ClCompile Include="RepMain.cpp">
      <Filter>Source Files</Filter>
    </ClCompile>
    <ClCompile Include="src\utils\src\MinWindow.cpp">
      <Filter>Source Files</Filter>
    </ClCompile>
    <ClCompile Include="src\utils\src\RepExeption.cpp">
      <Filter>Source Files</Filter>
    </ClCompile>
    <ClCompile Include="src\utils\src\RepWinException.cpp">
      <Filter>Source Files</Filter>
    </ClCompile>
    <ClCompile Include="src\utils\src\WindowComponentBase.cpp">
      <Filter>Source Files</Filter>
    </ClCompile>
    <ClCompile Include="src\renderers\src\D3D11\Renderer.cpp">
      <Filter>Source Files</Filter>
    </ClCompile>
    <ClCompile Include="src\renderers\src\D3D11\dev\Device.cpp">
      <Filter>Source Files</Filter>
    </ClCompile>
    <ClCompile Include="src\renderers\src\D3D11\dev\BufferBase.cpp">
      <Filter>Source Files</Filter>
    </ClCompile>
    <ClCompile Include="src\utils\src\Input.cpp">
      <Filter>Source Files</Filter>
    </ClCompile>
    <ClCompile Include="src\renderers\src\D3D11\SwapChain.cpp">
      <Filter>Source Files</Filter>
    </ClCompile>
    <ClCompile Include="src\renderers\src\D3D11\dev\InputLayout.cpp">
      <Filter>Source Files</Filter>
    </ClCompile>
    <ClCompile Include="src\renderers\src\D3D11\dev\VertexShader.cpp">
      <Filter>Source Files</Filter>
    </ClCompile>
    <ClCompile Include="src\renderers\src\D3D11\dev\PixelShader.cpp">
      <Filter>Source Files</Filter>
    </ClCompile>
    <ClCompile Include="src\renderers\src\D3D11\dev\IndexBuffer.cpp">
      <Filter>Source Files</Filter>
    </ClCompile>
    <ClCompile Include="src\renderers\src\D3D11\dev\VertexBuffer.cpp">
      <Filter>Source Files</Filter>
    </ClCompile>
    <ClCompile Include="src\renderers\src\D3D11\dev\Context.cpp">
      <Filter>Source Files</Filter>
    </ClCompile>
    <ClCompile Include="src\renderers\src\D3D11\dev\RenderTarget.cpp">
      <Filter>Source Files</Filter>
    </ClCompile>
    <ClCompile Include="src\renderers\src\D3D11\dev\Texture2D.cpp">
      <Filter>Source Files</Filter>
    </ClCompile>
    <ClCompile Include="src\renderers\src\D3D11\dev\Sampler.cpp">
      <Filter>Source Files</Filter>
    </ClCompile>
    <ClCompile Include="src\libs\imgui\backends\imgui_impl_dx11.cpp">
      <Filter>Source Files</Filter>
    </ClCompile>
    <ClCompile Include="src\libs\imgui\backends\imgui_impl_win32.cpp">
      <Filter>Source Files</Filter>
    </ClCompile>
    <ClCompile Include="src\libs\imgui\imgui.cpp">
      <Filter>Source Files</Filter>
    </ClCompile>
    <ClCompile Include="src\libs\imgui\imgui_demo.cpp">
      <Filter>Source Files</Filter>
    </ClCompile>
    <ClCompile Include="src\libs\imgui\imgui_draw.cpp">
      <Filter>Source Files</Filter>
    </ClCompile>
    <ClCompile Include="src\libs\imgui\imgui_tables.cpp">
      <Filter>Source Files</Filter>
    </ClCompile>
    <ClCompile Include="src\libs\imgui\imgui_widgets.cpp">
      <Filter>Source Files</Filter>
    </ClCompile>
    <ClCompile Include="src\libs\imgui\misc\cpp\imgui_stdlib.cpp">
      <Filter>Source Files</Filter>
    </ClCompile>
    <ClCompile Include="src\libs\imgui\misc\fonts\binary_to_compressed_c.cpp">
      <Filter>Source Files</Filter>
    </ClCompile>
    <ClCompile Include="src\renderers\src\D3D11\dev\ShaderBase.cpp">
      <Filter>Source Files</Filter>
    </ClCompile>
    <ClCompile Include="src\renderers\src\D3D11\dev\ConstantBuffer.cpp">
      <Filter>Source Files</Filter>
    </ClCompile>
    <ClCompile Include="src\utils\src\GfxException.cpp">
      <Filter>Source Files</Filter>
    </ClCompile>
    <ClCompile Include="src\renderers\src\D3D11\dev\ConstantMap.cpp">
      <Filter>Source Files</Filter>
    </ClCompile>
    <ClCompile Include="src\renderers\src\D3D11\D3DUtils.cpp">
      <Filter>Source Files</Filter>
    </ClCompile>
  </ItemGroup>
  <ItemGroup>
    <ClInclude Include="src\utils\include\RepLeanWin.h">
      <Filter>Header Files</Filter>
    </ClInclude>
    <ClInclude Include="src\utils\include\MinWindow.hpp">
      <Filter>Header Files</Filter>
    </ClInclude>
    <ClInclude Include="RepMain.h">
      <Filter>Header Files</Filter>
    </ClInclude>
    <ClInclude Include="src\utils\include\RepException.hpp">
      <Filter>Header Files</Filter>
    </ClInclude>
    <ClInclude Include="src\utils\include\RepWinException.hpp">
      <Filter>Header Files</Filter>
    </ClInclude>
    <ClInclude Include="resource.h">
      <Filter>Header Files</Filter>
    </ClInclude>
    <ClInclude Include="src\utils\include\DynamicCollections.hpp">
      <Filter>Header Files</Filter>
    </ClInclude>
    <ClInclude Include="src\renderers\include\D3D11\Renderer.hpp">
      <Filter>Header Files</Filter>
    </ClInclude>
    <ClInclude Include="src\utils\include\WindowComponentBase.hpp">
      <Filter>Header Files</Filter>
    </ClInclude>
    <ClInclude Include="src\utils\include\Input.hpp">
      <Filter>Header Files</Filter>
    </ClInclude>
    <ClInclude Include="src\utils\include\GfxException.hpp">
      <Filter>Header Files</Filter>
    </ClInclude>
    <ClInclude Include="src\renderers\include\D3D11\dev\BufferBase.hpp">
      <Filter>Header Files</Filter>
    </ClInclude>
    <ClInclude Include="src\renderers\include\D3D11\dev\VertexBuffer.hpp">
      <Filter>Header Files</Filter>
    </ClInclude>
    <ClInclude Include="src\renderers\include\D3D11\dev\IndexBuffer.hpp">
      <Filter>Header Files</Filter>
    </ClInclude>
    <ClInclude Include="src\renderers\include\D3D11\dev\Device.hpp">
      <Filter>Header Files</Filter>
    </ClInclude>
    <ClInclude Include="src\renderers\include\D3D11\SwapChain.hpp">
      <Filter>Header Files</Filter>
    </ClInclude>
    <ClInclude Include="src\renderers\include\D3D11\dev\ConstantBuffer.hpp">
      <Filter>Header Files</Filter>
    </ClInclude>
    <ClInclude Include="src\renderers\include\D3D11\dev\DeviceChild.hpp">
      <Filter>Header Files</Filter>
    </ClInclude>
    <ClInclude Include="src\renderers\include\D3D11\dev\InputLayout.hpp">
      <Filter>Header Files</Filter>
    </ClInclude>
    <ClInclude Include="src\renderers\include\D3D11\dev\Formats.hpp">
      <Filter>Header Files</Filter>
    </ClInclude>
    <ClInclude Include="src\utils\include\UniqueObj.hpp">
      <Filter>Header Files</Filter>
    </ClInclude>
    <ClInclude Include="src\renderers\include\D3D11\dev\VertexShader.hpp">
      <Filter>Header Files</Filter>
    </ClInclude>
    <ClInclude Include="src\renderers\include\D3D11\dev\PixelShader.hpp">
      <Filter>Header Files</Filter>
    </ClInclude>
    <ClInclude Include="src\renderers\include\D3D11\dev\Context.hpp">
      <Filter>Header Files</Filter>
    </ClInclude>
    <ClInclude Include="src\renderers\include\D3D11\D3DUtils.hpp">
      <Filter>Header Files</Filter>
    </ClInclude>
    <ClInclude Include="src\renderers\include\D3D11\dev\RenderTarget.hpp">
      <Filter>Header Files</Filter>
    </ClInclude>
    <ClInclude Include="src\renderers\include\D3D11\dev\Texture2D.hpp">
      <Filter>Header Files</Filter>
    </ClInclude>
    <ClInclude Include="src\renderers\include\D3D11\dev\Sampler.hpp">
      <Filter>Header Files</Filter>
    </ClInclude>
    <ClInclude Include="src\libs\imgui\backends\imgui_impl_dx11.h">
      <Filter>Header Files</Filter>
    </ClInclude>
    <ClInclude Include="src\libs\imgui\backends\imgui_impl_win32.h">
      <Filter>Header Files</Filter>
    </ClInclude>
    <ClInclude Include="src\libs\imgui\imconfig.h">
      <Filter>Header Files</Filter>
    </ClInclude>
    <ClInclude Include="src\libs\imgui\imgui.h">
      <Filter>Header Files</Filter>
    </ClInclude>
    <ClInclude Include="src\libs\imgui\imgui_internal.h">
      <Filter>Header Files</Filter>
    </ClInclude>
    <ClInclude Include="src\libs\imgui\imstb_rectpack.h">
      <Filter>Header Files</Filter>
    </ClInclude>
    <ClInclude Include="src\libs\imgui\imstb_textedit.h">
      <Filter>Header Files</Filter>
    </ClInclude>
    <ClInclude Include="src\libs\imgui\imstb_truetype.h">
      <Filter>Header Files</Filter>
    </ClInclude>
    <ClInclude Include="src\libs\imgui\misc\cpp\imgui_stdlib.h">
      <Filter>Header Files</Filter>
    </ClInclude>
    <ClInclude Include="src\renderers\include\D3D11\dev\ResourceBase.hpp">
      <Filter>Header Files</Filter>
    </ClInclude>
    <ClInclude Include="src\renderers\include\D3D11\dev\ShaderBase.hpp">
      <Filter>Header Files</Filter>
    </ClInclude>
    <ClInclude Include="src\renderers\include\D3D11\dev\ConstantMap.hpp">
      <Filter>Header Files</Filter>
    </ClInclude>
    <ClInclude Include="src\renderers\include\D3D11\Material.hpp">
      <Filter>Header Files</Filter>
    </ClInclude>
    <ClInclude Include="src\renderers\include\D3D11\Effect.hpp">
      <Filter>Header Files</Filter>
    </ClInclude>
    <ClInclude Include="src\renderers\include\D3D11\IDrawable.hpp">
      <Filter>Header Files</Filter>
    </ClInclude>
    <ClInclude Include="src\renderers\include\D3D11\Mesh.hpp">
      <Filter>Header Files</Filter>
    </ClInclude>
    <ClInclude Include="src\renderers\include\D3D11\IResource.hpp">
      <Filter>Header Files</Filter>
    </ClInclude>
    <ClInclude Include="src\renderers\include\D3D11\ResourceMap.hpp">
      <Filter>Header Files</Filter>
    </ClInclude>
  </ItemGroup>
  <ItemGroup>
    <Image Include="icon.ico">
      <Filter>Resource Files</Filter>
    </Image>
    <Image Include="lena_color_512.png">
      <Filter>Resource Files</Filter>
    </Image>
  </ItemGroup>
  <ItemGroup>
    <ResourceCompile Include="ReplicaRenderer.rc">
      <Filter>Resource Files</Filter>
    </ResourceCompile>
  </ItemGroup>
  <ItemGroup>
    <FxCompile Include="src\renderers\src\D3D11\shaders\DefaultVertShader.hlsl">
      <Filter>Resource Files</Filter>
    </FxCompile>
    <FxCompile Include="src\renderers\src\D3D11\shaders\DefaultPixShader.hlsl">
      <Filter>Resource Files</Filter>
    </FxCompile>
  </ItemGroup>
  <ItemGroup>
    <None Include="packages.config" />
  </ItemGroup>
</Project>