<?xml version="1.0" encoding="utf-8"?>
<Project ToolsVersion="4.0" xmlns="http://schemas.microsoft.com/developer/msbuild/2003">
  <ItemGroup>
    <Filter Include="Source Files">
      <UniqueIdentifier>{4FC737F1-C7A5-4376-A066-2A32D752A2FF}</UniqueIdentifier>
      <Extensions>cpp;c;cc;cxx;c++;cppm;ixx;def;odl;idl;hpj;bat;asm;asmx</Extensions>
    </Filter>
    <Filter Include="Header Files">
      <UniqueIdentifier>{93995380-89BD-4b04-88EB-625FBE52EBFB}</UniqueIdentifier>
      <Extensions>h;hh;hpp;hxx;h++;hm;inl;inc;ipp;xsd</Extensions>
    </Filter>
    <Filter Include="Resource Files">
      <UniqueIdentifier>{67DA6AB6-F800-4c08-8B7A-83BB121AAD01}</UniqueIdentifier>
      <Extensions>rc;ico;cur;bmp;dlg;rc2;rct;bin;rgs;gif;jpg;jpeg;jpe;resx;tiff;tif;png;wav;mfcribbon-ms</Extensions>
    </Filter>
  </ItemGroup>
  <ItemGroup>
    <ClCompile Include="ReplicaRenderer\src\utils\src\MinWindow.cpp">
      <Filter>Source Files</Filter>
    </ClCompile>
    <ClCompile Include="ReplicaRenderer\src\utils\src\RepExeption.cpp">
      <Filter>Source Files</Filter>
    </ClCompile>
    <ClCompile Include="ReplicaRenderer\src\utils\src\RepWinException.cpp">
      <Filter>Source Files</Filter>
    </ClCompile>
    <ClCompile Include="ReplicaRenderer\src\utils\src\WindowComponentBase.cpp">
      <Filter>Source Files</Filter>
    </ClCompile>
    <ClCompile Include="ReplicaRenderer\src\renderers\src\D3D11\Renderer.cpp">
      <Filter>Source Files</Filter>
    </ClCompile>
    <ClCompile Include="ReplicaRenderer\src\renderers\src\D3D11\Device.cpp">
      <Filter>Source Files</Filter>
    </ClCompile>
    <ClCompile Include="ReplicaRenderer\src\renderers\src\D3D11\Resources\BufferBase.cpp">
      <Filter>Source Files</Filter>
    </ClCompile>
    <ClCompile Include="ReplicaRenderer\src\utils\src\Input.cpp">
      <Filter>Source Files</Filter>
    </ClCompile>
    <ClCompile Include="ReplicaRenderer\src\renderers\src\D3D11\SwapChain.cpp">
      <Filter>Source Files</Filter>
    </ClCompile>
    <ClCompile Include="ReplicaRenderer\src\renderers\src\D3D11\Resources\InputLayout.cpp">
      <Filter>Source Files</Filter>
    </ClCompile>
    <ClCompile Include="ReplicaRenderer\src\renderers\src\D3D11\Shaders\VertexShader.cpp">
      <Filter>Source Files</Filter>
    </ClCompile>
    <ClCompile Include="ReplicaRenderer\src\renderers\src\D3D11\Shaders\PixelShader.cpp">
      <Filter>Source Files</Filter>
    </ClCompile>
    <ClCompile Include="ReplicaRenderer\src\renderers\src\D3D11\Resources\IndexBuffer.cpp">
      <Filter>Source Files</Filter>
    </ClCompile>
    <ClCompile Include="ReplicaRenderer\src\renderers\src\D3D11\Resources\VertexBuffer.cpp">
      <Filter>Source Files</Filter>
    </ClCompile>
    <ClCompile Include="ReplicaRenderer\src\renderers\src\D3D11\Context.cpp">
      <Filter>Source Files</Filter>
    </ClCompile>
    <ClCompile Include="ReplicaRenderer\src\renderers\src\D3D11\Resources\RTHandle.cpp">
      <Filter>Source Files</Filter>
    </ClCompile>
    <ClCompile Include="ReplicaRenderer\src\renderers\src\D3D11\Resources\Texture2DBase.cpp">
      <Filter>Source Files</Filter>
    </ClCompile>
    <ClCompile Include="ReplicaRenderer\src\renderers\src\D3D11\Resources\Sampler.cpp">
      <Filter>Source Files</Filter>
    </ClCompile>
    <ClCompile Include="ReplicaRenderer\libs\imgui\backends\imgui_impl_dx11.cpp">
      <Filter>Source Files</Filter>
    </ClCompile>
    <ClCompile Include="ReplicaRenderer\libs\imgui\backends\imgui_impl_win32.cpp">
      <Filter>Source Files</Filter>
    </ClCompile>
    <ClCompile Include="ReplicaRenderer\libs\imgui\imgui.cpp">
      <Filter>Source Files</Filter>
    </ClCompile>
    <ClCompile Include="ReplicaRenderer\libs\imgui\imgui_demo.cpp">
      <Filter>Source Files</Filter>
    </ClCompile>
    <ClCompile Include="ReplicaRenderer\libs\imgui\imgui_draw.cpp">
      <Filter>Source Files</Filter>
    </ClCompile>
    <ClCompile Include="ReplicaRenderer\libs\imgui\imgui_tables.cpp">
      <Filter>Source Files</Filter>
    </ClCompile>
    <ClCompile Include="ReplicaRenderer\libs\imgui\imgui_widgets.cpp">
      <Filter>Source Files</Filter>
    </ClCompile>
    <ClCompile Include="ReplicaRenderer\libs\imgui\misc\cpp\imgui_stdlib.cpp">
      <Filter>Source Files</Filter>
    </ClCompile>
    <ClCompile Include="ReplicaRenderer\libs\imgui\misc\fonts\binary_to_compressed_c.cpp">
      <Filter>Source Files</Filter>
    </ClCompile>
    <ClCompile Include="ReplicaRenderer\src\renderers\src\D3D11\Shaders\ShaderBase.cpp">
      <Filter>Source Files</Filter>
    </ClCompile>
    <ClCompile Include="ReplicaRenderer\src\renderers\src\D3D11\Resources\ConstantBuffer.cpp">
      <Filter>Source Files</Filter>
    </ClCompile>
    <ClCompile Include="ReplicaRenderer\src\utils\src\GfxException.cpp">
      <Filter>Source Files</Filter>
    </ClCompile>
    <ClCompile Include="ReplicaRenderer\src\renderers\src\D3D11\Resources\ConstantMap.cpp">
      <Filter>Source Files</Filter>
    </ClCompile>
    <ClCompile Include="ReplicaRenderer\src\ReplicaMath.cpp">
      <Filter>Source Files</Filter>
    </ClCompile>
    <ClCompile Include="ReplicaRenderer\src\renderers\src\D3D11\Mesh.cpp">
      <Filter>Source Files</Filter>
    </ClCompile>
    <ClCompile Include="ReplicaRenderer\src\renderers\src\D3D11\RenderComponent.cpp">
      <Filter>Source Files</Filter>
    </ClCompile>
    <ClCompile Include="ReplicaRenderer\src\renderers\src\D3D11\ImguiRenderComponent.cpp">
      <Filter>Header Files</Filter>
    </ClCompile>
    <ClCompile Include="ReplicaRenderer\src\renderers\src\D3D11\ImguiHandler.cpp">
      <Filter>Source Files</Filter>
    </ClCompile>
    <ClCompile Include="ReplicaRenderer\src\renderers\src\D3D11\Resources\DepthStencilTexture.cpp">
      <Filter>Source Files</Filter>
    </ClCompile>
    <ClCompile Include="ReplicaRenderer\src\renderers\src\D3D11\Shaders\ComputeShader.cpp">
      <Filter>Source Files</Filter>
    </ClCompile>
    <ClCompile Include="ReplicaRenderer\src\renderers\src\D3D11\Resources\Texture2D.cpp">
      <Filter>Source Files</Filter>
    </ClCompile>
    <ClCompile Include="ReplicaRenderer\src\renderers\src\D3D11\Resources\RWTexture2D.cpp">
      <Filter>Source Files</Filter>
    </ClCompile>
  </ItemGroup>
  <ItemGroup>
    <ClInclude Include="ReplicaRenderer\src\utils\include\RepLeanWin.h">
      <Filter>Header Files</Filter>
    </ClInclude>
    <ClInclude Include="ReplicaRenderer\src\utils\include\MinWindow.hpp">
      <Filter>Header Files</Filter>
    </ClInclude>
    <ClInclude Include="ReplicaRenderer\src\utils\include\RepException.hpp">
      <Filter>Header Files</Filter>
    </ClInclude>
    <ClInclude Include="ReplicaRenderer\src\utils\include\RepWinException.hpp">
      <Filter>Header Files</Filter>
    </ClInclude>
    <ClInclude Include="ReplicaRenderer\src\utils\include\DynamicCollections.hpp">
      <Filter>Header Files</Filter>
    </ClInclude>
    <ClInclude Include="ReplicaRenderer\src\renderers\include\D3D11\Renderer.hpp">
      <Filter>Header Files</Filter>
    </ClInclude>
    <ClInclude Include="ReplicaRenderer\src\utils\include\WindowComponentBase.hpp">
      <Filter>Header Files</Filter>
    </ClInclude>
    <ClInclude Include="ReplicaRenderer\src\utils\include\Input.hpp">
      <Filter>Header Files</Filter>
    </ClInclude>
    <ClInclude Include="ReplicaRenderer\src\utils\include\GfxException.hpp">
      <Filter>Header Files</Filter>
    </ClInclude>
    <ClInclude Include="ReplicaRenderer\src\renderers\include\D3D11\Resources\BufferBase.hpp">
      <Filter>Header Files</Filter>
    </ClInclude>
    <ClInclude Include="ReplicaRenderer\src\renderers\include\D3D11\Resources\VertexBuffer.hpp">
      <Filter>Header Files</Filter>
    </ClInclude>
    <ClInclude Include="ReplicaRenderer\src\renderers\include\D3D11\Resources\IndexBuffer.hpp">
      <Filter>Header Files</Filter>
    </ClInclude>
    <ClInclude Include="ReplicaRenderer\src\renderers\include\D3D11\Device.hpp">
      <Filter>Header Files</Filter>
    </ClInclude>
    <ClInclude Include="ReplicaRenderer\src\renderers\include\D3D11\SwapChain.hpp">
      <Filter>Header Files</Filter>
    </ClInclude>
    <ClInclude Include="ReplicaRenderer\src\renderers\include\D3D11\Resources\ConstantBuffer.hpp">
      <Filter>Header Files</Filter>
    </ClInclude>
    <ClInclude Include="ReplicaRenderer\src\renderers\include\D3D11\Resources\DeviceChild.hpp">
      <Filter>Header Files</Filter>
    </ClInclude>
    <ClInclude Include="ReplicaRenderer\src\renderers\include\D3D11\Resources\InputLayout.hpp">
      <Filter>Header Files</Filter>
    </ClInclude>
    <ClInclude Include="ReplicaRenderer\src\renderers\include\D3D11\Resources\Formats.hpp">
      <Filter>Header Files</Filter>
    </ClInclude>
    <ClInclude Include="ReplicaRenderer\src\utils\include\MoveOnlyBase.hpp">
      <Filter>Header Files</Filter>
    </ClInclude>
    <ClInclude Include="ReplicaRenderer\src\renderers\include\D3D11\Shaders\VertexShader.hpp">
      <Filter>Header Files</Filter>
    </ClInclude>
    <ClInclude Include="ReplicaRenderer\src\renderers\include\D3D11\Shaders\PixelShader.hpp">
      <Filter>Header Files</Filter>
    </ClInclude>
    <ClInclude Include="ReplicaRenderer\src\renderers\include\D3D11\Context.hpp">
      <Filter>Header Files</Filter>
    </ClInclude>
    <ClInclude Include="ReplicaRenderer\src\renderers\include\D3D11\Resources\RTHandle.hpp">
      <Filter>Header Files</Filter>
    </ClInclude>
    <ClInclude Include="ReplicaRenderer\src\renderers\include\D3D11\Resources\Texture2DBase.hpp">
      <Filter>Header Files</Filter>
    </ClInclude>
    <ClInclude Include="ReplicaRenderer\src\renderers\include\D3D11\Resources\Sampler.hpp">
      <Filter>Header Files</Filter>
    </ClInclude>
    <ClInclude Include="ReplicaRenderer\libs\imgui\backends\imgui_impl_dx11.h">
      <Filter>Header Files</Filter>
    </ClInclude>
    <ClInclude Include="ReplicaRenderer\libs\imgui\backends\imgui_impl_win32.h">
      <Filter>Header Files</Filter>
    </ClInclude>
    <ClInclude Include="ReplicaRenderer\libs\imgui\imconfig.h">
      <Filter>Header Files</Filter>
    </ClInclude>
    <ClInclude Include="ReplicaRenderer\libs\imgui\imgui.h">
      <Filter>Header Files</Filter>
    </ClInclude>
    <ClInclude Include="ReplicaRenderer\libs\imgui\imgui_internal.h">
      <Filter>Header Files</Filter>
    </ClInclude>
    <ClInclude Include="ReplicaRenderer\libs\imgui\imstb_rectpack.h">
      <Filter>Header Files</Filter>
    </ClInclude>
    <ClInclude Include="ReplicaRenderer\libs\imgui\imstb_textedit.h">
      <Filter>Header Files</Filter>
    </ClInclude>
    <ClInclude Include="ReplicaRenderer\libs\imgui\imstb_truetype.h">
      <Filter>Header Files</Filter>
    </ClInclude>
    <ClInclude Include="ReplicaRenderer\libs\imgui\misc\cpp\imgui_stdlib.h">
      <Filter>Header Files</Filter>
    </ClInclude>
    <ClInclude Include="ReplicaRenderer\src\renderers\include\D3D11\Resources\ResourceBase.hpp">
      <Filter>Header Files</Filter>
    </ClInclude>
    <ClInclude Include="ReplicaRenderer\src\renderers\include\D3D11\Shaders\ShaderBase.hpp">
      <Filter>Header Files</Filter>
    </ClInclude>
    <ClInclude Include="ReplicaRenderer\src\renderers\include\D3D11\Resources\ConstantMap.hpp">
      <Filter>Header Files</Filter>
    </ClInclude>
    <ClInclude Include="ReplicaRenderer\src\renderers\include\D3D11\Material.hpp">
      <Filter>Header Files</Filter>
    </ClInclude>
    <ClInclude Include="ReplicaRenderer\src\renderers\include\D3D11\Effect.hpp">
      <Filter>Header Files</Filter>
    </ClInclude>
    <ClInclude Include="ReplicaRenderer\src\renderers\include\D3D11\IDrawable.hpp">
      <Filter>Header Files</Filter>
    </ClInclude>
    <ClInclude Include="ReplicaRenderer\src\renderers\include\D3D11\Mesh.hpp">
      <Filter>Header Files</Filter>
    </ClInclude>
    <ClInclude Include="ReplicaRenderer\src\renderers\include\D3D11\IAsset.hpp">
      <Filter>Header Files</Filter>
    </ClInclude>
    <ClInclude Include="ReplicaRenderer\src\renderers\include\D3D11\ResourceMap.hpp">
      <Filter>Header Files</Filter>
    </ClInclude>
    <ClInclude Include="ReplicaRenderer\src\renderers\include\D3D11\Primitives.hpp">
      <Filter>Header Files</Filter>
    </ClInclude>
    <ClInclude Include="ReplicaRenderer\src\renderers\include\D3D11\Shaders\BuiltInShaders.hpp">
      <Filter>Header Files</Filter>
    </ClInclude>
    <ClInclude Include="ReplicaRenderer\src\renderers\include\D3D11\RenderComponent.hpp">
      <Filter>Header Files</Filter>
    </ClInclude>
    <ClInclude Include="ReplicaRenderer\src\renderers\include\D3D11\ImguiRenderComponent.hpp">
      <Filter>Header Files</Filter>
    </ClInclude>
    <ClInclude Include="ReplicaRenderer\src\renderers\include\D3D11\ImguiHandler.hpp">
      <Filter>Header Files</Filter>
    </ClInclude>
    <ClInclude Include="ReplicaRenderer\src\renderers\include\D3D11\Resources\DepthStencilTexture.hpp">
      <Filter>Header Files</Filter>
    </ClInclude>
    <ClInclude Include="ReplicaRenderer\src\renderers\include\D3D11\Resources\TextureEnums.hpp">
      <Filter>Header Files</Filter>
    </ClInclude>
    <ClInclude Include="ReplicaRenderer\src\renderers\include\D3D11\Shaders\ComputeShader.hpp">
      <Filter>Header Files</Filter>
    </ClInclude>
    <ClInclude Include="ReplicaRenderer\src\renderers\include\D3D11\Resources\Texture2D.hpp">
      <Filter>Header Files</Filter>
    </ClInclude>
    <ClInclude Include="ReplicaRenderer\src\renderers\include\D3D11\Resources\ResourceEnums.hpp">
      <Filter>Header Files</Filter>
    </ClInclude>
    <ClInclude Include="ReplicaRenderer\src\renderers\include\D3D11\Resources\RWTexture2D.hpp">
      <Filter>Header Files</Filter>
    </ClInclude>
    <ClInclude Include="ReplicaRenderer\include\ReplicaImgui.hpp">
      <Filter>Header Files</Filter>
    </ClInclude>
    <ClInclude Include="ReplicaRenderer\include\ReplicaD3D11.hpp">
      <Filter>Header Files</Filter>
    </ClInclude>
    <ClInclude Include="ReplicaRenderer\include\ReplicaInternalD3D11.hpp">
      <Filter>Header Files</Filter>
    </ClInclude>
    <ClInclude Include="ReplicaRenderer\include\ReplicaWin32.hpp">
      <Filter>Header Files</Filter>
    </ClInclude>
    <ClInclude Include="ReplicaRenderer\include\ReplicaUtils.hpp">
      <Filter>Header Files</Filter>
    </ClInclude>
    <ClInclude Include="ReplicaRenderer\include\ReplicaMath.hpp">
      <Filter>Header Files</Filter>
    </ClInclude>
    <ClInclude Include="ReplicaRenderer\include\ReplicaWinUtils.hpp">
      <Filter>Header Files</Filter>
    </ClInclude>
  </ItemGroup>
  <ItemGroup>
    <FxCompile Include="ReplicaRenderer\res\BuiltInShaders\VS_Textured3D.hlsl">
      <Filter>Resource Files</Filter>
    </FxCompile>
    <FxCompile Include="ReplicaRenderer\res\BuiltInShaders\PS_Default.hlsl">
      <Filter>Resource Files</Filter>
    </FxCompile>
    <FxCompile Include="ReplicaRenderer\res\BuiltInShaders\PS_Flat3D.hlsl" />
    <FxCompile Include="ReplicaRenderer\res\BuiltInShaders\VS_3D.hlsl" />
    <FxCompile Include="ReplicaRenderer\res\BuiltInShaders\PS_Textured.hlsl" />
    <FxCompile Include="ReplicaRenderer\res\BuiltInShaders\VS_Default.hlsl" />
    <FxCompile Include="ReplicaRenderer\res\BuiltInShaders\VS_Textured2D.hlsl" />
    <FxCompile Include="ReplicaRenderer\res\BuiltInShaders\VS_PosTextured.hlsl" />
    <FxCompile Include="ReplicaRenderer\res\BuiltInShaders\CS_TexCopySamp2D.hlsl" />
    <FxCompile Include="ReplicaRenderer\res\BuiltInShaders\CS_TexCopy2D.hlsl" />
    <FxCompile Include="ReplicaRenderer\res\BuiltInShaders\CS_TexCopyScaledSamp2D.hlsl" />
  </ItemGroup>
  <ItemGroup>
    <None Include="packages.config" />
  </ItemGroup>
</Project>